
Microsoft Visual Studio Solution File, Format Version 12.00
# Visual Studio Version 17
VisualStudioVersion = 17.5.2.0
MinimumVisualStudioVersion = 10.0.40219.1
Project("{2150E333-8FDC-42A3-9474-1A3956D46DE8}") = "server", "server", "{DAD03CFC-D5FA-AC94-41C7-9ABAB326F09E}"
EndProject
Project("{FAE04EC0-301F-11D3-BF4B-00C04F79EFBC}") = "Mathcraft.Server", "server\Mathcraft.Server.csproj", "{30920E77-3BB3-3AB7-3758-8ABF93B9D852}"
EndProject
Project("{2150E333-8FDC-42A3-9474-1A3956D46DE8}") = "tests", "tests", "{F6418E52-5FE5-8182-075E-77FED2B86FC9}"
EndProject
Project("{FAE04EC0-301F-11D3-BF4B-00C04F79EFBC}") = "Mathcraft.Tests", "server\tests\Mathcraft.Tests\Mathcraft.Tests.csproj", "{71E4AA28-9301-40F0-84B1-5B96BB5E1F60}"
EndProject
Global
	GlobalSection(SolutionConfigurationPlatforms) = preSolution
		Debug|Any CPU = Debug|Any CPU
		Debug|x64 = Debug|x64
		Debug|x86 = Debug|x86
		Release|Any CPU = Release|Any CPU
		Release|x64 = Release|x64
		Release|x86 = Release|x86
	EndGlobalSection
	GlobalSection(ProjectConfigurationPlatforms) = postSolution
		{30920E77-3BB3-3AB7-3758-8ABF93B9D852}.Debug|Any CPU.ActiveCfg = Debug|Any CPU
		{30920E77-3BB3-3AB7-3758-8ABF93B9D852}.Debug|Any CPU.Build.0 = Debug|Any CPU
		{30920E77-3BB3-3AB7-3758-8ABF93B9D852}.Debug|x64.ActiveCfg = Debug|Any CPU
		{30920E77-3BB3-3AB7-3758-8ABF93B9D852}.Debug|x64.Build.0 = Debug|Any CPU
		{30920E77-3BB3-3AB7-3758-8ABF93B9D852}.Debug|x86.ActiveCfg = Debug|Any CPU
		{30920E77-3BB3-3AB7-3758-8ABF93B9D852}.Debug|x86.Build.0 = Debug|Any CPU
		{30920E77-3BB3-3AB7-3758-8ABF93B9D852}.Release|Any CPU.ActiveCfg = Release|Any CPU
		{30920E77-3BB3-3AB7-3758-8ABF93B9D852}.Release|Any CPU.Build.0 = Release|Any CPU
		{30920E77-3BB3-3AB7-3758-8ABF93B9D852}.Release|x64.ActiveCfg = Release|Any CPU
		{30920E77-3BB3-3AB7-3758-8ABF93B9D852}.Release|x64.Build.0 = Release|Any CPU
		{30920E77-3BB3-3AB7-3758-8ABF93B9D852}.Release|x86.ActiveCfg = Release|Any CPU
		{30920E77-3BB3-3AB7-3758-8ABF93B9D852}.Release|x86.Build.0 = Release|Any CPU
		{71E4AA28-9301-40F0-84B1-5B96BB5E1F60}.Debug|Any CPU.ActiveCfg = Debug|Any CPU
		{71E4AA28-9301-40F0-84B1-5B96BB5E1F60}.Debug|Any CPU.Build.0 = Debug|Any CPU
		{71E4AA28-9301-40F0-84B1-5B96BB5E1F60}.Debug|x64.ActiveCfg = Debug|Any CPU
		{71E4AA28-9301-40F0-84B1-5B96BB5E1F60}.Debug|x64.Build.0 = Debug|Any CPU
		{71E4AA28-9301-40F0-84B1-5B96BB5E1F60}.Debug|x86.ActiveCfg = Debug|Any CPU
		{71E4AA28-9301-40F0-84B1-5B96BB5E1F60}.Debug|x86.Build.0 = Debug|Any CPU
		{71E4AA28-9301-40F0-84B1-5B96BB5E1F60}.Release|Any CPU.ActiveCfg = Release|Any CPU
		{71E4AA28-9301-40F0-84B1-5B96BB5E1F60}.Release|Any CPU.Build.0 = Release|Any CPU
		{71E4AA28-9301-40F0-84B1-5B96BB5E1F60}.Release|x64.ActiveCfg = Release|Any CPU
		{71E4AA28-9301-40F0-84B1-5B96BB5E1F60}.Release|x64.Build.0 = Release|Any CPU
		{71E4AA28-9301-40F0-84B1-5B96BB5E1F60}.Release|x86.ActiveCfg = Release|Any CPU
		{71E4AA28-9301-40F0-84B1-5B96BB5E1F60}.Release|x86.Build.0 = Release|Any CPU
	EndGlobalSection
	GlobalSection(SolutionProperties) = preSolution
		HideSolutionNode = FALSE
	EndGlobalSection
	GlobalSection(NestedProjects) = preSolution
		{30920E77-3BB3-3AB7-3758-8ABF93B9D852} = {DAD03CFC-D5FA-AC94-41C7-9ABAB326F09E}
		{F6418E52-5FE5-8182-075E-77FED2B86FC9} = {DAD03CFC-D5FA-AC94-41C7-9ABAB326F09E}
		{71E4AA28-9301-40F0-84B1-5B96BB5E1F60} = {F6418E52-5FE5-8182-075E-77FED2B86FC9}
	EndGlobalSection
	GlobalSection(ExtensibilityGlobals) = postSolution
		SolutionGuid = {75FFAE87-4716-4AF7-8C03-9FA83E4A1CC2}
	EndGlobalSection
EndGlobal
